
Microsoft Visual Studio Solution File, Format Version 12.00
# Visual Studio Version 16
VisualStudioVersion = 16.0.30517.126
MinimumVisualStudioVersion = 10.0.40219.1
Project("{FAE04EC0-301F-11D3-BF4B-00C04F79EFBC}") = "Zadanie 10.4", "Zadanie 10.4\Zadanie 10.4.csproj", "{F95E7889-D324-446F-93DE-6D7610619867}"
EndProject
Global
	GlobalSection(SolutionConfigurationPlatforms) = preSolution
		Debug|Any CPU = Debug|Any CPU
		Release|Any CPU = Release|Any CPU
	EndGlobalSection
	GlobalSection(ProjectConfigurationPlatforms) = postSolution
		{F95E7889-D324-446F-93DE-6D7610619867}.Debug|Any CPU.ActiveCfg = Debug|Any CPU
		{F95E7889-D324-446F-93DE-6D7610619867}.Debug|Any CPU.Build.0 = Debug|Any CPU
		{F95E7889-D324-446F-93DE-6D7610619867}.Release|Any CPU.ActiveCfg = Release|Any CPU
		{F95E7889-D324-446F-93DE-6D7610619867}.Release|Any CPU.Build.0 = Release|Any CPU
	EndGlobalSection
	GlobalSection(SolutionProperties) = preSolution
		HideSolutionNode = FALSE
	EndGlobalSection
	GlobalSection(ExtensibilityGlobals) = postSolution
		SolutionGuid = {1DB5F367-C31A-410A-9FC2-71BFD1366A56}
	EndGlobalSection
EndGlobal
